
Microsoft Visual Studio Solution File, Format Version 12.00
# Visual Studio Version 16
VisualStudioVersion = 16.0.30907.101
MinimumVisualStudioVersion = 10.0.40219.1
Project("{FAE04EC0-301F-11D3-BF4B-00C04F79EFBC}") = "M426_Projekt_CW_AD_JL_MB", "M426_Projekt_CW_AD_JL_MB\M426_Projekt_CW_AD_JL_MB.csproj", "{C5119577-B14A-4721-9884-31318F98A9C7}"
EndProject
Global
	GlobalSection(SolutionConfigurationPlatforms) = preSolution
		Debug|Any CPU = Debug|Any CPU
		Release|Any CPU = Release|Any CPU
	EndGlobalSection
	GlobalSection(ProjectConfigurationPlatforms) = postSolution
		{C5119577-B14A-4721-9884-31318F98A9C7}.Debug|Any CPU.ActiveCfg = Debug|Any CPU
		{C5119577-B14A-4721-9884-31318F98A9C7}.Debug|Any CPU.Build.0 = Debug|Any CPU
		{C5119577-B14A-4721-9884-31318F98A9C7}.Release|Any CPU.ActiveCfg = Release|Any CPU
		{C5119577-B14A-4721-9884-31318F98A9C7}.Release|Any CPU.Build.0 = Release|Any CPU
	EndGlobalSection
	GlobalSection(SolutionProperties) = preSolution
		HideSolutionNode = FALSE
	EndGlobalSection
	GlobalSection(ExtensibilityGlobals) = postSolution
		SolutionGuid = {0FC168C1-57D1-4B8E-981C-643C5EA8555D}
	EndGlobalSection
EndGlobal
